// !$*UTF8*$!
{
	archiveVersion = 1;
	classes = {
	};
	objectVersion = 50;
	objects = {

/* Begin PBXBuildFile section */
		237A735A237777DC00B76387 /* AppDelegate.swift in Sources */ = {isa = PBXBuildFile; fileRef = 237A7359237777DC00B76387 /* AppDelegate.swift */; };
		237A735C237777DC00B76387 /* SceneDelegate.swift in Sources */ = {isa = PBXBuildFile; fileRef = 237A735B237777DC00B76387 /* SceneDelegate.swift */; };
		237A735E237777DC00B76387 /* ContentView.swift in Sources */ = {isa = PBXBuildFile; fileRef = 237A735D237777DC00B76387 /* ContentView.swift */; };
		237A7360237777DF00B76387 /* Assets.xcassets in Resources */ = {isa = PBXBuildFile; fileRef = 237A735F237777DF00B76387 /* Assets.xcassets */; };
		237A7363237777DF00B76387 /* Preview Assets.xcassets in Resources */ = {isa = PBXBuildFile; fileRef = 237A7362237777DF00B76387 /* Preview Assets.xcassets */; };
		237A7366237777DF00B76387 /* LaunchScreen.storyboard in Resources */ = {isa = PBXBuildFile; fileRef = 237A7364237777DF00B76387 /* LaunchScreen.storyboard */; };
		237A737023778F7900B76387 /* ShoppingRow.swift in Sources */ = {isa = PBXBuildFile; fileRef = 237A736F23778F7900B76387 /* ShoppingRow.swift */; };
		237A73742377910900B76387 /* ShoppingItem.swift in Sources */ = {isa = PBXBuildFile; fileRef = 237A73732377910900B76387 /* ShoppingItem.swift */; };
		237A73772377952D00B76387 /* ShoppingListScene.swift in Sources */ = {isa = PBXBuildFile; fileRef = 237A73762377952D00B76387 /* ShoppingListScene.swift */; };
		237A73792377A15B00B76387 /* AddItemScene.swift in Sources */ = {isa = PBXBuildFile; fileRef = 237A73782377A15B00B76387 /* AddItemScene.swift */; };
		237A737D23785E0F00B76387 /* ExpandingScene.swift in Sources */ = {isa = PBXBuildFile; fileRef = 237A737C23785E0F00B76387 /* ExpandingScene.swift */; };
		237A737F237862A300B76387 /* ShoppingList.swift in Sources */ = {isa = PBXBuildFile; fileRef = 237A737E237862A300B76387 /* ShoppingList.swift */; };
		237A73812378742900B76387 /* ShoppingListHeaderScene.swift in Sources */ = {isa = PBXBuildFile; fileRef = 237A73802378742900B76387 /* ShoppingListHeaderScene.swift */; };
/* End PBXBuildFile section */

/* Begin PBXFileReference section */
		237A7356237777DC00B76387 /* Tasky.app */ = {isa = PBXFileReference; explicitFileType = wrapper.application; includeInIndex = 0; path = Tasky.app; sourceTree = BUILT_PRODUCTS_DIR; };
		237A7359237777DC00B76387 /* AppDelegate.swift */ = {isa = PBXFileReference; lastKnownFileType = sourcecode.swift; path = AppDelegate.swift; sourceTree = "<group>"; };
		237A735B237777DC00B76387 /* SceneDelegate.swift */ = {isa = PBXFileReference; lastKnownFileType = sourcecode.swift; path = SceneDelegate.swift; sourceTree = "<group>"; };
		237A735D237777DC00B76387 /* ContentView.swift */ = {isa = PBXFileReference; lastKnownFileType = sourcecode.swift; path = ContentView.swift; sourceTree = "<group>"; };
		237A735F237777DF00B76387 /* Assets.xcassets */ = {isa = PBXFileReference; lastKnownFileType = folder.assetcatalog; path = Assets.xcassets; sourceTree = "<group>"; };
		237A7362237777DF00B76387 /* Preview Assets.xcassets */ = {isa = PBXFileReference; lastKnownFileType = folder.assetcatalog; path = "Preview Assets.xcassets"; sourceTree = "<group>"; };
		237A7365237777DF00B76387 /* Base */ = {isa = PBXFileReference; lastKnownFileType = file.storyboard; name = Base; path = Base.lproj/LaunchScreen.storyboard; sourceTree = "<group>"; };
		237A7367237777DF00B76387 /* Info.plist */ = {isa = PBXFileReference; lastKnownFileType = text.plist.xml; path = Info.plist; sourceTree = "<group>"; };
		237A736F23778F7900B76387 /* ShoppingRow.swift */ = {isa = PBXFileReference; lastKnownFileType = sourcecode.swift; path = ShoppingRow.swift; sourceTree = "<group>"; };
		237A73732377910900B76387 /* ShoppingItem.swift */ = {isa = PBXFileReference; lastKnownFileType = sourcecode.swift; path = ShoppingItem.swift; sourceTree = "<group>"; };
		237A73762377952D00B76387 /* ShoppingListScene.swift */ = {isa = PBXFileReference; lastKnownFileType = sourcecode.swift; path = ShoppingListScene.swift; sourceTree = "<group>"; };
		237A73782377A15B00B76387 /* AddItemScene.swift */ = {isa = PBXFileReference; lastKnownFileType = sourcecode.swift; path = AddItemScene.swift; sourceTree = "<group>"; };
		237A737C23785E0F00B76387 /* ExpandingScene.swift */ = {isa = PBXFileReference; lastKnownFileType = sourcecode.swift; path = ExpandingScene.swift; sourceTree = "<group>"; };
		237A737E237862A300B76387 /* ShoppingList.swift */ = {isa = PBXFileReference; lastKnownFileType = sourcecode.swift; path = ShoppingList.swift; sourceTree = "<group>"; };
		237A73802378742900B76387 /* ShoppingListHeaderScene.swift */ = {isa = PBXFileReference; lastKnownFileType = sourcecode.swift; path = ShoppingListHeaderScene.swift; sourceTree = "<group>"; };
/* End PBXFileReference section */

/* Begin PBXFrameworksBuildPhase section */
		237A7353237777DC00B76387 /* Frameworks */ = {
			isa = PBXFrameworksBuildPhase;
			buildActionMask = 2147483647;
			files = (
			);
			runOnlyForDeploymentPostprocessing = 0;
		};
/* End PBXFrameworksBuildPhase section */

/* Begin PBXGroup section */
		237A734D237777DC00B76387 = {
			isa = PBXGroup;
			children = (
				237A7358237777DC00B76387 /* Tasky */,
				237A7357237777DC00B76387 /* Products */,
			);
			sourceTree = "<group>";
		};
		237A7357237777DC00B76387 /* Products */ = {
			isa = PBXGroup;
			children = (
				237A7356237777DC00B76387 /* Tasky.app */,
			);
			name = Products;
			sourceTree = "<group>";
		};
		237A7358237777DC00B76387 /* Tasky */ = {
			isa = PBXGroup;
			children = (
				237A7372237790F600B76387 /* Models */,
				237A7371237790EE00B76387 /* Scenes */,
				237A7359237777DC00B76387 /* AppDelegate.swift */,
				237A735B237777DC00B76387 /* SceneDelegate.swift */,
				237A73752377946300B76387 /* Resrouces */,
				237A7367237777DF00B76387 /* Info.plist */,
				237A7361237777DF00B76387 /* Preview Content */,
			);
			path = Tasky;
			sourceTree = "<group>";
		};
		237A7361237777DF00B76387 /* Preview Content */ = {
			isa = PBXGroup;
			children = (
				237A7362237777DF00B76387 /* Preview Assets.xcassets */,
			);
			path = "Preview Content";
			sourceTree = "<group>";
		};
		237A736E23778F6400B76387 /* ShoppingTab */ = {
			isa = PBXGroup;
			children = (
				237A737C23785E0F00B76387 /* ExpandingScene.swift */,
				237A73762377952D00B76387 /* ShoppingListScene.swift */,
				237A736F23778F7900B76387 /* ShoppingRow.swift */,
				237A73782377A15B00B76387 /* AddItemScene.swift */,
				237A73802378742900B76387 /* ShoppingListHeaderScene.swift */,
			);
			path = ShoppingTab;
			sourceTree = "<group>";
		};
		237A7371237790EE00B76387 /* Scenes */ = {
			isa = PBXGroup;
			children = (
				237A735D237777DC00B76387 /* ContentView.swift */,
				237A736E23778F6400B76387 /* ShoppingTab */,
			);
			path = Scenes;
			sourceTree = "<group>";
		};
		237A7372237790F600B76387 /* Models */ = {
			isa = PBXGroup;
			children = (
				237A73732377910900B76387 /* ShoppingItem.swift */,
				237A737E237862A300B76387 /* ShoppingList.swift */,
			);
			path = Models;
			sourceTree = "<group>";
		};
		237A73752377946300B76387 /* Resrouces */ = {
			isa = PBXGroup;
			children = (
				237A735F237777DF00B76387 /* Assets.xcassets */,
				237A7364237777DF00B76387 /* LaunchScreen.storyboard */,
			);
			path = Resrouces;
			sourceTree = "<group>";
		};
/* End PBXGroup section */

/* Begin PBXNativeTarget section */
		237A7355237777DC00B76387 /* Tasky */ = {
			isa = PBXNativeTarget;
			buildConfigurationList = 237A736A237777DF00B76387 /* Build configuration list for PBXNativeTarget "Tasky" */;
			buildPhases = (
				237A7352237777DC00B76387 /* Sources */,
				237A7353237777DC00B76387 /* Frameworks */,
				237A7354237777DC00B76387 /* Resources */,
			);
			buildRules = (
			);
			dependencies = (
			);
			name = Tasky;
			productName = Tasky;
			productReference = 237A7356237777DC00B76387 /* Tasky.app */;
			productType = "com.apple.product-type.application";
		};
/* End PBXNativeTarget section */

/* Begin PBXProject section */
		237A734E237777DC00B76387 /* Project object */ = {
			isa = PBXProject;
			attributes = {
				LastSwiftUpdateCheck = 1120;
				LastUpgradeCheck = 1120;
				ORGANIZATIONNAME = SPARQDEV;
				TargetAttributes = {
					237A7355237777DC00B76387 = {
						CreatedOnToolsVersion = 11.2;
					};
				};
			};
			buildConfigurationList = 237A7351237777DC00B76387 /* Build configuration list for PBXProject "Tasky" */;
			compatibilityVersion = "Xcode 9.3";
			developmentRegion = en;
			hasScannedForEncodings = 0;
			knownRegions = (
				en,
				Base,
			);
			mainGroup = 237A734D237777DC00B76387;
			productRefGroup = 237A7357237777DC00B76387 /* Products */;
			projectDirPath = "";
			projectRoot = "";
			targets = (
				237A7355237777DC00B76387 /* Tasky */,
			);
		};
/* End PBXProject section */

/* Begin PBXResourcesBuildPhase section */
		237A7354237777DC00B76387 /* Resources */ = {
			isa = PBXResourcesBuildPhase;
			buildActionMask = 2147483647;
			files = (
				237A7366237777DF00B76387 /* LaunchScreen.storyboard in Resources */,
				237A7363237777DF00B76387 /* Preview Assets.xcassets in Resources */,
				237A7360237777DF00B76387 /* Assets.xcassets in Resources */,
			);
			runOnlyForDeploymentPostprocessing = 0;
		};
/* End PBXResourcesBuildPhase section */

/* Begin PBXSourcesBuildPhase section */
		237A7352237777DC00B76387 /* Sources */ = {
			isa = PBXSourcesBuildPhase;
			buildActionMask = 2147483647;
			files = (
				237A737023778F7900B76387 /* ShoppingRow.swift in Sources */,
				237A737F237862A300B76387 /* ShoppingList.swift in Sources */,
				237A735A237777DC00B76387 /* AppDelegate.swift in Sources */,
				237A73792377A15B00B76387 /* AddItemScene.swift in Sources */,
				237A737D23785E0F00B76387 /* ExpandingScene.swift in Sources */,
				237A735C237777DC00B76387 /* SceneDelegate.swift in Sources */,
				237A73742377910900B76387 /* ShoppingItem.swift in Sources */,
				237A73812378742900B76387 /* ShoppingListHeaderScene.swift in Sources */,
				237A73772377952D00B76387 /* ShoppingListScene.swift in Sources */,
				237A735E237777DC00B76387 /* ContentView.swift in Sources */,
			);
			runOnlyForDeploymentPostprocessing = 0;
		};
/* End PBXSourcesBuildPhase section */

/* Begin PBXVariantGroup section */
		237A7364237777DF00B76387 /* LaunchScreen.storyboard */ = {
			isa = PBXVariantGroup;
			children = (
				237A7365237777DF00B76387 /* Base */,
			);
			name = LaunchScreen.storyboard;
			sourceTree = "<group>";
		};
/* End PBXVariantGroup section */

/* Begin XCBuildConfiguration section */
		237A7368237777DF00B76387 /* Debug */ = {
			isa = XCBuildConfiguration;
			buildSettings = {
				ALWAYS_SEARCH_USER_PATHS = NO;
				CLANG_ANALYZER_NONNULL = YES;
				CLANG_ANALYZER_NUMBER_OBJECT_CONVERSION = YES_AGGRESSIVE;
				CLANG_CXX_LANGUAGE_STANDARD = "gnu++14";
				CLANG_CXX_LIBRARY = "libc++";
				CLANG_ENABLE_MODULES = YES;
				CLANG_ENABLE_OBJC_ARC = YES;
				CLANG_ENABLE_OBJC_WEAK = YES;
				CLANG_WARN_BLOCK_CAPTURE_AUTORELEASING = YES;
				CLANG_WARN_BOOL_CONVERSION = YES;
				CLANG_WARN_COMMA = YES;
				CLANG_WARN_CONSTANT_CONVERSION = YES;
				CLANG_WARN_DEPRECATED_OBJC_IMPLEMENTATIONS = YES;
				CLANG_WARN_DIRECT_OBJC_ISA_USAGE = YES_ERROR;
				CLANG_WARN_DOCUMENTATION_COMMENTS = YES;
				CLANG_WARN_EMPTY_BODY = YES;
				CLANG_WARN_ENUM_CONVERSION = YES;
				CLANG_WARN_INFINITE_RECURSION = YES;
				CLANG_WARN_INT_CONVERSION = YES;
				CLANG_WARN_NON_LITERAL_NULL_CONVERSION = YES;
				CLANG_WARN_OBJC_IMPLICIT_RETAIN_SELF = YES;
				CLANG_WARN_OBJC_LITERAL_CONVERSION = YES;
				CLANG_WARN_OBJC_ROOT_CLASS = YES_ERROR;
				CLANG_WARN_RANGE_LOOP_ANALYSIS = YES;
				CLANG_WARN_STRICT_PROTOTYPES = YES;
				CLANG_WARN_SUSPICIOUS_MOVE = YES;
				CLANG_WARN_UNGUARDED_AVAILABILITY = YES_AGGRESSIVE;
				CLANG_WARN_UNREACHABLE_CODE = YES;
				CLANG_WARN__DUPLICATE_METHOD_MATCH = YES;
				COPY_PHASE_STRIP = NO;
				DEBUG_INFORMATION_FORMAT = dwarf;
				ENABLE_STRICT_OBJC_MSGSEND = YES;
				ENABLE_TESTABILITY = YES;
				GCC_C_LANGUAGE_STANDARD = gnu11;
				GCC_DYNAMIC_NO_PIC = NO;
				GCC_NO_COMMON_BLOCKS = YES;
				GCC_OPTIMIZATION_LEVEL = 0;
				GCC_PREPROCESSOR_DEFINITIONS = (
					"DEBUG=1",
					"$(inherited)",
				);
				GCC_WARN_64_TO_32_BIT_CONVERSION = YES;
				GCC_WARN_ABOUT_RETURN_TYPE = YES_ERROR;
				GCC_WARN_UNDECLARED_SELECTOR = YES;
				GCC_WARN_UNINITIALIZED_AUTOS = YES_AGGRESSIVE;
				GCC_WARN_UNUSED_FUNCTION = YES;
				GCC_WARN_UNUSED_VARIABLE = YES;
				IPHONEOS_DEPLOYMENT_TARGET = 13.2;
				MTL_ENABLE_DEBUG_INFO = INCLUDE_SOURCE;
				MTL_FAST_MATH = YES;
				ONLY_ACTIVE_ARCH = YES;
				SDKROOT = iphoneos;
				SWIFT_ACTIVE_COMPILATION_CONDITIONS = DEBUG;
				SWIFT_OPTIMIZATION_LEVEL = "-Onone";
			};
			name = Debug;
		};
		237A7369237777DF00B76387 /* Release */ = {
			isa = XCBuildConfiguration;
			buildSettings = {
				ALWAYS_SEARCH_USER_PATHS = NO;
				CLANG_ANALYZER_NONNULL = YES;
				CLANG_ANALYZER_NUMBER_OBJECT_CONVERSION = YES_AGGRESSIVE;
				CLANG_CXX_LANGUAGE_STANDARD = "gnu++14";
				CLANG_CXX_LIBRARY = "libc++";
				CLANG_ENABLE_MODULES = YES;
				CLANG_ENABLE_OBJC_ARC = YES;
				CLANG_ENABLE_OBJC_WEAK = YES;
				CLANG_WARN_BLOCK_CAPTURE_AUTORELEASING = YES;
				CLANG_WARN_BOOL_CONVERSION = YES;
				CLANG_WARN_COMMA = YES;
				CLANG_WARN_CONSTANT_CONVERSION = YES;
				CLANG_WARN_DEPRECATED_OBJC_IMPLEMENTATIONS = YES;
				CLANG_WARN_DIRECT_OBJC_ISA_USAGE = YES_ERROR;
				CLANG_WARN_DOCUMENTATION_COMMENTS = YES;
				CLANG_WARN_EMPTY_BODY = YES;
				CLANG_WARN_ENUM_CONVERSION = YES;
				CLANG_WARN_INFINITE_RECURSION = YES;
				CLANG_WARN_INT_CONVERSION = YES;
				CLANG_WARN_NON_LITERAL_NULL_CONVERSION = YES;
				CLANG_WARN_OBJC_IMPLICIT_RETAIN_SELF = YES;
				CLANG_WARN_OBJC_LITERAL_CONVERSION = YES;
				CLANG_WARN_OBJC_ROOT_CLASS = YES_ERROR;
				CLANG_WARN_RANGE_LOOP_ANALYSIS = YES;
				CLANG_WARN_STRICT_PROTOTYPES = YES;
				CLANG_WARN_SUSPICIOUS_MOVE = YES;
				CLANG_WARN_UNGUARDED_AVAILABILITY = YES_AGGRESSIVE;
				CLANG_WARN_UNREACHABLE_CODE = YES;
				CLANG_WARN__DUPLICATE_METHOD_MATCH = YES;
				COPY_PHASE_STRIP = NO;
				DEBUG_INFORMATION_FORMAT = "dwarf-with-dsym";
				ENABLE_NS_ASSERTIONS = NO;
				ENABLE_STRICT_OBJC_MSGSEND = YES;
				GCC_C_LANGUAGE_STANDARD = gnu11;
				GCC_NO_COMMON_BLOCKS = YES;
				GCC_WARN_64_TO_32_BIT_CONVERSION = YES;
				GCC_WARN_ABOUT_RETURN_TYPE = YES_ERROR;
				GCC_WARN_UNDECLARED_SELECTOR = YES;
				GCC_WARN_UNINITIALIZED_AUTOS = YES_AGGRESSIVE;
				GCC_WARN_UNUSED_FUNCTION = YES;
				GCC_WARN_UNUSED_VARIABLE = YES;
				IPHONEOS_DEPLOYMENT_TARGET = 13.2;
				MTL_ENABLE_DEBUG_INFO = NO;
				MTL_FAST_MATH = YES;
				SDKROOT = iphoneos;
				SWIFT_COMPILATION_MODE = wholemodule;
				SWIFT_OPTIMIZATION_LEVEL = "-O";
				VALIDATE_PRODUCT = YES;
			};
			name = Release;
		};
		237A736B237777DF00B76387 /* Debug */ = {
			isa = XCBuildConfiguration;
			buildSettings = {
				ASSETCATALOG_COMPILER_APPICON_NAME = AppIcon;
				CODE_SIGN_STYLE = Automatic;
				DEVELOPMENT_ASSET_PATHS = "\"Tasky/Preview Content\"";
				DEVELOPMENT_TEAM = RE524LJXV2;
				ENABLE_PREVIEWS = YES;
				INFOPLIST_FILE = Tasky/Info.plist;
				LD_RUNPATH_SEARCH_PATHS = (
					"$(inherited)",
					"@executable_path/Frameworks",
				);
				PRODUCT_BUNDLE_IDENTIFIER = SPARQDEV.Tasky;
				PRODUCT_NAME = "$(TARGET_NAME)";
				SWIFT_VERSION = 5.0;
				TARGETED_DEVICE_FAMILY = 1;
			};
			name = Debug;
		};
		237A736C237777DF00B76387 /* Release */ = {
			isa = XCBuildConfiguration;
			buildSettings = {
				ASSETCATALOG_COMPILER_APPICON_NAME = AppIcon;
				CODE_SIGN_STYLE = Automatic;
				DEVELOPMENT_ASSET_PATHS = "\"Tasky/Preview Content\"";
				DEVELOPMENT_TEAM = RE524LJXV2;
				ENABLE_PREVIEWS = YES;
				INFOPLIST_FILE = Tasky/Info.plist;
				LD_RUNPATH_SEARCH_PATHS = (
					"$(inherited)",
					"@executable_path/Frameworks",
				);
				PRODUCT_BUNDLE_IDENTIFIER = SPARQDEV.Tasky;
				PRODUCT_NAME = "$(TARGET_NAME)";
				SWIFT_VERSION = 5.0;
				TARGETED_DEVICE_FAMILY = 1;
			};
			name = Release;
		};
/* End XCBuildConfiguration section */

/* Begin XCConfigurationList section */
		237A7351237777DC00B76387 /* Build configuration list for PBXProject "Tasky" */ = {
			isa = XCConfigurationList;
			buildConfigurations = (
				237A7368237777DF00B76387 /* Debug */,
				237A7369237777DF00B76387 /* Release */,
			);
			defaultConfigurationIsVisible = 0;
			defaultConfigurationName = Release;
		};
		237A736A237777DF00B76387 /* Build configuration list for PBXNativeTarget "Tasky" */ = {
			isa = XCConfigurationList;
			buildConfigurations = (
				237A736B237777DF00B76387 /* Debug */,
				237A736C237777DF00B76387 /* Release */,
			);
			defaultConfigurationIsVisible = 0;
			defaultConfigurationName = Release;
		};
/* End XCConfigurationList section */
	};
	rootObject = 237A734E237777DC00B76387 /* Project object */;
}
